
Microsoft Visual Studio Solution File, Format Version 12.00
# Visual Studio 15
VisualStudioVersion = 15.0.28307.271
MinimumVisualStudioVersion = 10.0.40219.1
Project("{9A19103F-16F7-4668-BE54-9A1E7A4F7556}") = "calculadora", "calculadora\calculadora.csproj", "{B7056E09-4BBB-4F51-ABDD-2ABA727FDF10}"
EndProject
Project("{9A19103F-16F7-4668-BE54-9A1E7A4F7556}") = "exercicio 7", "exercicio 7\exercicio 7.csproj", "{1F966334-148F-451D-ABEA-4129CFECA65A}"
EndProject
Project("{9A19103F-16F7-4668-BE54-9A1E7A4F7556}") = "arrayzonose", "array\arrayzonose.csproj", "{D5FD9D73-8DDD-4384-ACB9-AC60D72B3501}"
EndProject
Project("{9A19103F-16F7-4668-BE54-9A1E7A4F7556}") = "arrayzonose.Test", "arrayzonose.Test\arrayzonose.Test.csproj", "{5595F116-0140-49EB-A224-C0CEEEA5542E}"
EndProject
Project("{9A19103F-16F7-4668-BE54-9A1E7A4F7556}") = "ChaoticSort", "ChaoticSort\ChaoticSort.csproj", "{B3C38DAA-0B3D-4212-B436-89E4FDFDEDB2}"
EndProject
Project("{FAE04EC0-301F-11D3-BF4B-00C04F79EFBC}") = "InsertNamesAndSort", "InsertNamesAndSort\InsertNamesAndSort.csproj", "{BCB7F8AE-2BC0-4D49-B988-210D95216EDE}"
EndProject
Global
	GlobalSection(SolutionConfigurationPlatforms) = preSolution
		Debug|Any CPU = Debug|Any CPU
		Release|Any CPU = Release|Any CPU
	EndGlobalSection
	GlobalSection(ProjectConfigurationPlatforms) = postSolution
		{B7056E09-4BBB-4F51-ABDD-2ABA727FDF10}.Debug|Any CPU.ActiveCfg = Debug|Any CPU
		{B7056E09-4BBB-4F51-ABDD-2ABA727FDF10}.Debug|Any CPU.Build.0 = Debug|Any CPU
		{B7056E09-4BBB-4F51-ABDD-2ABA727FDF10}.Release|Any CPU.ActiveCfg = Release|Any CPU
		{B7056E09-4BBB-4F51-ABDD-2ABA727FDF10}.Release|Any CPU.Build.0 = Release|Any CPU
		{1F966334-148F-451D-ABEA-4129CFECA65A}.Debug|Any CPU.ActiveCfg = Debug|Any CPU
		{1F966334-148F-451D-ABEA-4129CFECA65A}.Debug|Any CPU.Build.0 = Debug|Any CPU
		{1F966334-148F-451D-ABEA-4129CFECA65A}.Release|Any CPU.ActiveCfg = Release|Any CPU
		{1F966334-148F-451D-ABEA-4129CFECA65A}.Release|Any CPU.Build.0 = Release|Any CPU
		{D5FD9D73-8DDD-4384-ACB9-AC60D72B3501}.Debug|Any CPU.ActiveCfg = Debug|Any CPU
		{D5FD9D73-8DDD-4384-ACB9-AC60D72B3501}.Debug|Any CPU.Build.0 = Debug|Any CPU
		{D5FD9D73-8DDD-4384-ACB9-AC60D72B3501}.Release|Any CPU.ActiveCfg = Release|Any CPU
		{D5FD9D73-8DDD-4384-ACB9-AC60D72B3501}.Release|Any CPU.Build.0 = Release|Any CPU
		{5595F116-0140-49EB-A224-C0CEEEA5542E}.Debug|Any CPU.ActiveCfg = Debug|Any CPU
		{5595F116-0140-49EB-A224-C0CEEEA5542E}.Debug|Any CPU.Build.0 = Debug|Any CPU
		{5595F116-0140-49EB-A224-C0CEEEA5542E}.Release|Any CPU.ActiveCfg = Release|Any CPU
		{5595F116-0140-49EB-A224-C0CEEEA5542E}.Release|Any CPU.Build.0 = Release|Any CPU
		{B3C38DAA-0B3D-4212-B436-89E4FDFDEDB2}.Debug|Any CPU.ActiveCfg = Debug|Any CPU
		{B3C38DAA-0B3D-4212-B436-89E4FDFDEDB2}.Debug|Any CPU.Build.0 = Debug|Any CPU
		{B3C38DAA-0B3D-4212-B436-89E4FDFDEDB2}.Release|Any CPU.ActiveCfg = Release|Any CPU
		{B3C38DAA-0B3D-4212-B436-89E4FDFDEDB2}.Release|Any CPU.Build.0 = Release|Any CPU
		{BCB7F8AE-2BC0-4D49-B988-210D95216EDE}.Debug|Any CPU.ActiveCfg = Debug|Any CPU
		{BCB7F8AE-2BC0-4D49-B988-210D95216EDE}.Debug|Any CPU.Build.0 = Debug|Any CPU
		{BCB7F8AE-2BC0-4D49-B988-210D95216EDE}.Release|Any CPU.ActiveCfg = Release|Any CPU
		{BCB7F8AE-2BC0-4D49-B988-210D95216EDE}.Release|Any CPU.Build.0 = Release|Any CPU
	EndGlobalSection
	GlobalSection(SolutionProperties) = preSolution
		HideSolutionNode = FALSE
	EndGlobalSection
	GlobalSection(ExtensibilityGlobals) = postSolution
		SolutionGuid = {2BE1E0EA-9610-4996-8ECF-08AB6FA020FA}
	EndGlobalSection
EndGlobal
